
Microsoft Visual Studio Solution File, Format Version 12.00
# Visual Studio Version 17
VisualStudioVersion = 17.2.32616.157
MinimumVisualStudioVersion = 10.0.40219.1
Project("{9A19103F-16F7-4668-BE54-9A1E7A4F7556}") = "NetCoreDocker.Web", "NetCoreDocker.Web\NetCoreDocker.Web.csproj", "{2AF07098-2987-42D9-818D-E3BA3C2F6B61}"
EndProject
Project("{FAE04EC0-301F-11D3-BF4B-00C04F79EFBC}") = "NetCoreDocker.Utility", "NetCoreDocker.Utility\NetCoreDocker.Utility.csproj", "{7B04A439-9CCC-4CEF-8D33-B9137AB3C571}"
EndProject
Global
	GlobalSection(SolutionConfigurationPlatforms) = preSolution
		Debug|Any CPU = Debug|Any CPU
		Release|Any CPU = Release|Any CPU
	EndGlobalSection
	GlobalSection(ProjectConfigurationPlatforms) = postSolution
		{2AF07098-2987-42D9-818D-E3BA3C2F6B61}.Debug|Any CPU.ActiveCfg = Debug|Any CPU
		{2AF07098-2987-42D9-818D-E3BA3C2F6B61}.Debug|Any CPU.Build.0 = Debug|Any CPU
		{2AF07098-2987-42D9-818D-E3BA3C2F6B61}.Release|Any CPU.ActiveCfg = Release|Any CPU
		{2AF07098-2987-42D9-818D-E3BA3C2F6B61}.Release|Any CPU.Build.0 = Release|Any CPU
		{7B04A439-9CCC-4CEF-8D33-B9137AB3C571}.Debug|Any CPU.ActiveCfg = Debug|Any CPU
		{7B04A439-9CCC-4CEF-8D33-B9137AB3C571}.Debug|Any CPU.Build.0 = Debug|Any CPU
		{7B04A439-9CCC-4CEF-8D33-B9137AB3C571}.Release|Any CPU.ActiveCfg = Release|Any CPU
		{7B04A439-9CCC-4CEF-8D33-B9137AB3C571}.Release|Any CPU.Build.0 = Release|Any CPU
	EndGlobalSection
	GlobalSection(SolutionProperties) = preSolution
		HideSolutionNode = FALSE
	EndGlobalSection
	GlobalSection(ExtensibilityGlobals) = postSolution
		SolutionGuid = {0B06AF8E-C043-49DC-B021-5F2B9495F97F}
	EndGlobalSection
EndGlobal
